
Microsoft Visual Studio Solution File, Format Version 12.00
# Visual Studio Version 16
VisualStudioVersion = 16.0.29123.88
MinimumVisualStudioVersion = 10.0.40219.1
Project("{FAE04EC0-301F-11D3-BF4B-00C04F79EFBC}") = "ApiTicket", "ApiTicket.csproj", "{19842882-D148-4B64-875D-2DCDFDBF1EFC}"
EndProject
Project("{FAE04EC0-301F-11D3-BF4B-00C04F79EFBC}") = "Core", "..\Core\Core.csproj", "{6B0A3F41-834D-4602-881D-B7250238229F}"
EndProject
Project("{FAE04EC0-301F-11D3-BF4B-00C04F79EFBC}") = "Model", "..\Model\Model.csproj", "{B911E0C2-6AD6-448C-AC0E-5322778CACC2}"
EndProject
Global
	GlobalSection(SolutionConfigurationPlatforms) = preSolution
		Debug|Any CPU = Debug|Any CPU
		Release|Any CPU = Release|Any CPU
	EndGlobalSection
	GlobalSection(ProjectConfigurationPlatforms) = postSolution
		{19842882-D148-4B64-875D-2DCDFDBF1EFC}.Debug|Any CPU.ActiveCfg = Debug|Any CPU
		{19842882-D148-4B64-875D-2DCDFDBF1EFC}.Debug|Any CPU.Build.0 = Debug|Any CPU
		{19842882-D148-4B64-875D-2DCDFDBF1EFC}.Release|Any CPU.ActiveCfg = Release|Any CPU
		{19842882-D148-4B64-875D-2DCDFDBF1EFC}.Release|Any CPU.Build.0 = Release|Any CPU
		{6B0A3F41-834D-4602-881D-B7250238229F}.Debug|Any CPU.ActiveCfg = Debug|Any CPU
		{6B0A3F41-834D-4602-881D-B7250238229F}.Debug|Any CPU.Build.0 = Debug|Any CPU
		{6B0A3F41-834D-4602-881D-B7250238229F}.Release|Any CPU.ActiveCfg = Release|Any CPU
		{6B0A3F41-834D-4602-881D-B7250238229F}.Release|Any CPU.Build.0 = Release|Any CPU
		{B911E0C2-6AD6-448C-AC0E-5322778CACC2}.Debug|Any CPU.ActiveCfg = Debug|Any CPU
		{B911E0C2-6AD6-448C-AC0E-5322778CACC2}.Debug|Any CPU.Build.0 = Debug|Any CPU
		{B911E0C2-6AD6-448C-AC0E-5322778CACC2}.Release|Any CPU.ActiveCfg = Release|Any CPU
		{B911E0C2-6AD6-448C-AC0E-5322778CACC2}.Release|Any CPU.Build.0 = Release|Any CPU
	EndGlobalSection
	GlobalSection(SolutionProperties) = preSolution
		HideSolutionNode = FALSE
	EndGlobalSection
	GlobalSection(ExtensibilityGlobals) = postSolution
		SolutionGuid = {16B62FC0-C340-4B2B-8D0E-17D49BC84A5F}
	EndGlobalSection
EndGlobal
